
Microsoft Visual Studio Solution File, Format Version 12.00
# Visual Studio 15
VisualStudioVersion = 15.0.28307.489
MinimumVisualStudioVersion = 10.0.40219.1
Project("{FAE04EC0-301F-11D3-BF4B-00C04F79EFBC}") = "Lab14", "Lab14\Lab14.csproj", "{FC955752-58F8-4C69-B631-4E8603B7677B}"
EndProject
Global
	GlobalSection(SolutionConfigurationPlatforms) = preSolution
		Debug|Any CPU = Debug|Any CPU
		Release|Any CPU = Release|Any CPU
	EndGlobalSection
	GlobalSection(ProjectConfigurationPlatforms) = postSolution
		{FC955752-58F8-4C69-B631-4E8603B7677B}.Debug|Any CPU.ActiveCfg = Debug|Any CPU
		{FC955752-58F8-4C69-B631-4E8603B7677B}.Debug|Any CPU.Build.0 = Debug|Any CPU
		{FC955752-58F8-4C69-B631-4E8603B7677B}.Release|Any CPU.ActiveCfg = Release|Any CPU
		{FC955752-58F8-4C69-B631-4E8603B7677B}.Release|Any CPU.Build.0 = Release|Any CPU
	EndGlobalSection
	GlobalSection(SolutionProperties) = preSolution
		HideSolutionNode = FALSE
	EndGlobalSection
	GlobalSection(ExtensibilityGlobals) = postSolution
		SolutionGuid = {23B19D11-070C-4FB3-BEAF-05857FF3B25E}
	EndGlobalSection
EndGlobal
