
Microsoft Visual Studio Solution File, Format Version 12.00
# Visual Studio 15
VisualStudioVersion = 15.0.28307.489
MinimumVisualStudioVersion = 10.0.40219.1
Project("{FAE04EC0-301F-11D3-BF4B-00C04F79EFBC}") = "Lab11", "Lab11\Lab11.csproj", "{FA1FB71E-5942-45FA-9418-14B43289904C}"
EndProject
Global
	GlobalSection(SolutionConfigurationPlatforms) = preSolution
		Debug|Any CPU = Debug|Any CPU
		Release|Any CPU = Release|Any CPU
	EndGlobalSection
	GlobalSection(ProjectConfigurationPlatforms) = postSolution
		{FA1FB71E-5942-45FA-9418-14B43289904C}.Debug|Any CPU.ActiveCfg = Debug|Any CPU
		{FA1FB71E-5942-45FA-9418-14B43289904C}.Debug|Any CPU.Build.0 = Debug|Any CPU
		{FA1FB71E-5942-45FA-9418-14B43289904C}.Release|Any CPU.ActiveCfg = Release|Any CPU
		{FA1FB71E-5942-45FA-9418-14B43289904C}.Release|Any CPU.Build.0 = Release|Any CPU
	EndGlobalSection
	GlobalSection(SolutionProperties) = preSolution
		HideSolutionNode = FALSE
	EndGlobalSection
	GlobalSection(ExtensibilityGlobals) = postSolution
		SolutionGuid = {2E043FD1-2AAD-420E-8754-E07680FD6FE9}
	EndGlobalSection
EndGlobal
