
Microsoft Visual Studio Solution File, Format Version 12.00
# Visual Studio 15
VisualStudioVersion = 15.0.28307.489
MinimumVisualStudioVersion = 10.0.40219.1
Project("{FAE04EC0-301F-11D3-BF4B-00C04F79EFBC}") = "Circles", "Circles\Circles.csproj", "{62EBA8A8-B864-427E-8C0A-2D43F6F97DDC}"
EndProject
Global
	GlobalSection(SolutionConfigurationPlatforms) = preSolution
		Debug|Any CPU = Debug|Any CPU
		Release|Any CPU = Release|Any CPU
	EndGlobalSection
	GlobalSection(ProjectConfigurationPlatforms) = postSolution
		{62EBA8A8-B864-427E-8C0A-2D43F6F97DDC}.Debug|Any CPU.ActiveCfg = Debug|Any CPU
		{62EBA8A8-B864-427E-8C0A-2D43F6F97DDC}.Debug|Any CPU.Build.0 = Debug|Any CPU
		{62EBA8A8-B864-427E-8C0A-2D43F6F97DDC}.Release|Any CPU.ActiveCfg = Release|Any CPU
		{62EBA8A8-B864-427E-8C0A-2D43F6F97DDC}.Release|Any CPU.Build.0 = Release|Any CPU
	EndGlobalSection
	GlobalSection(SolutionProperties) = preSolution
		HideSolutionNode = FALSE
	EndGlobalSection
	GlobalSection(ExtensibilityGlobals) = postSolution
		SolutionGuid = {DF348B05-EE27-4A33-889B-D47F9CC48350}
	EndGlobalSection
EndGlobal
